
Microsoft Visual Studio Solution File, Format Version 9.00
# Visual Studio 2005
Project("{FAE04EC0-301F-11D3-BF4B-00C04F79EFBC}") = "Lab2Cs", "Lab2Cs\Lab2Cs.csproj", "{F004CC75-5D83-42E9-A7E9-03A91857C34D}"
EndProject
Global
	GlobalSection(SolutionConfigurationPlatforms) = preSolution
		Debug|Any CPU = Debug|Any CPU
		Release|Any CPU = Release|Any CPU
	EndGlobalSection
	GlobalSection(ProjectConfigurationPlatforms) = postSolution
		{F004CC75-5D83-42E9-A7E9-03A91857C34D}.Debug|Any CPU.ActiveCfg = Debug|Any CPU
		{F004CC75-5D83-42E9-A7E9-03A91857C34D}.Debug|Any CPU.Build.0 = Debug|Any CPU
		{F004CC75-5D83-42E9-A7E9-03A91857C34D}.Release|Any CPU.ActiveCfg = Release|Any CPU
		{F004CC75-5D83-42E9-A7E9-03A91857C34D}.Release|Any CPU.Build.0 = Release|Any CPU
	EndGlobalSection
	GlobalSection(SolutionProperties) = preSolution
		HideSolutionNode = FALSE
	EndGlobalSection
EndGlobal
